// !$*UTF8*$!
{
	archiveVersion = 1;
	classes = {
	};
	objectVersion = 46;
	objects = {

/* Begin PBXBuildFile section */
		F09D0FD219749338006B9B31 /* Foundation.framework in Frameworks */ = {isa = PBXBuildFile; fileRef = F09D0FD119749338006B9B31 /* Foundation.framework */; };
		F09D0FD419749338006B9B31 /* CoreGraphics.framework in Frameworks */ = {isa = PBXBuildFile; fileRef = F09D0FD319749338006B9B31 /* CoreGraphics.framework */; };
		F09D0FD619749338006B9B31 /* UIKit.framework in Frameworks */ = {isa = PBXBuildFile; fileRef = F09D0FD519749338006B9B31 /* UIKit.framework */; };
		F09D0FDC19749338006B9B31 /* InfoPlist.strings in Resources */ = {isa = PBXBuildFile; fileRef = F09D0FDA19749338006B9B31 /* InfoPlist.strings */; };
		F09D0FDE19749338006B9B31 /* main.m in Sources */ = {isa = PBXBuildFile; fileRef = F09D0FDD19749338006B9B31 /* main.m */; };
		F09D0FE219749338006B9B31 /* JJFAppDelegate.m in Sources */ = {isa = PBXBuildFile; fileRef = F09D0FE119749338006B9B31 /* JJFAppDelegate.m */; };
		F09D0FE419749338006B9B31 /* Images.xcassets in Resources */ = {isa = PBXBuildFile; fileRef = F09D0FE319749338006B9B31 /* Images.xcassets */; };
		F09D0FEB19749338006B9B31 /* XCTest.framework in Frameworks */ = {isa = PBXBuildFile; fileRef = F09D0FEA19749338006B9B31 /* XCTest.framework */; };
		F09D0FEC19749338006B9B31 /* Foundation.framework in Frameworks */ = {isa = PBXBuildFile; fileRef = F09D0FD119749338006B9B31 /* Foundation.framework */; };
		F09D0FED19749338006B9B31 /* UIKit.framework in Frameworks */ = {isa = PBXBuildFile; fileRef = F09D0FD519749338006B9B31 /* UIKit.framework */; };
		F09D0FF519749338006B9B31 /* InfoPlist.strings in Resources */ = {isa = PBXBuildFile; fileRef = F09D0FF319749338006B9B31 /* InfoPlist.strings */; };
		F09D0FF719749338006B9B31 /* PlayfulTests.m in Sources */ = {isa = PBXBuildFile; fileRef = F09D0FF619749338006B9B31 /* PlayfulTests.m */; };
/* End PBXBuildFile section */

/* Begin PBXContainerItemProxy section */
		F09D0FEE19749338006B9B31 /* PBXContainerItemProxy */ = {
			isa = PBXContainerItemProxy;
			containerPortal = F09D0FC619749338006B9B31 /* Project object */;
			proxyType = 1;
			remoteGlobalIDString = F09D0FCD19749338006B9B31;
			remoteInfo = Playful;
		};
/* End PBXContainerItemProxy section */

/* Begin PBXFileReference section */
		F09D0FCE19749338006B9B31 /* Playful.app */ = {isa = PBXFileReference; explicitFileType = wrapper.application; includeInIndex = 0; path = Playful.app; sourceTree = BUILT_PRODUCTS_DIR; };
		F09D0FD119749338006B9B31 /* Foundation.framework */ = {isa = PBXFileReference; lastKnownFileType = wrapper.framework; name = Foundation.framework; path = System/Library/Frameworks/Foundation.framework; sourceTree = SDKROOT; };
		F09D0FD319749338006B9B31 /* CoreGraphics.framework */ = {isa = PBXFileReference; lastKnownFileType = wrapper.framework; name = CoreGraphics.framework; path = System/Library/Frameworks/CoreGraphics.framework; sourceTree = SDKROOT; };
		F09D0FD519749338006B9B31 /* UIKit.framework */ = {isa = PBXFileReference; lastKnownFileType = wrapper.framework; name = UIKit.framework; path = System/Library/Frameworks/UIKit.framework; sourceTree = SDKROOT; };
		F09D0FD919749338006B9B31 /* Playful-Info.plist */ = {isa = PBXFileReference; lastKnownFileType = text.plist.xml; path = "Playful-Info.plist"; sourceTree = "<group>"; };
		F09D0FDB19749338006B9B31 /* en */ = {isa = PBXFileReference; lastKnownFileType = text.plist.strings; name = en; path = en.lproj/InfoPlist.strings; sourceTree = "<group>"; };
		F09D0FDD19749338006B9B31 /* main.m */ = {isa = PBXFileReference; lastKnownFileType = sourcecode.c.objc; path = main.m; sourceTree = "<group>"; };
		F09D0FDF19749338006B9B31 /* Playful-Prefix.pch */ = {isa = PBXFileReference; lastKnownFileType = sourcecode.c.h; path = "Playful-Prefix.pch"; sourceTree = "<group>"; };
		F09D0FE019749338006B9B31 /* JJFAppDelegate.h */ = {isa = PBXFileReference; lastKnownFileType = sourcecode.c.h; path = JJFAppDelegate.h; sourceTree = "<group>"; };
		F09D0FE119749338006B9B31 /* JJFAppDelegate.m */ = {isa = PBXFileReference; lastKnownFileType = sourcecode.c.objc; path = JJFAppDelegate.m; sourceTree = "<group>"; };
		F09D0FE319749338006B9B31 /* Images.xcassets */ = {isa = PBXFileReference; lastKnownFileType = folder.assetcatalog; path = Images.xcassets; sourceTree = "<group>"; };
		F09D0FE919749338006B9B31 /* PlayfulTests.xctest */ = {isa = PBXFileReference; explicitFileType = wrapper.cfbundle; includeInIndex = 0; path = PlayfulTests.xctest; sourceTree = BUILT_PRODUCTS_DIR; };
		F09D0FEA19749338006B9B31 /* XCTest.framework */ = {isa = PBXFileReference; lastKnownFileType = wrapper.framework; name = XCTest.framework; path = Library/Frameworks/XCTest.framework; sourceTree = DEVELOPER_DIR; };
		F09D0FF219749338006B9B31 /* PlayfulTests-Info.plist */ = {isa = PBXFileReference; lastKnownFileType = text.plist.xml; path = "PlayfulTests-Info.plist"; sourceTree = "<group>"; };
		F09D0FF419749338006B9B31 /* en */ = {isa = PBXFileReference; lastKnownFileType = text.plist.strings; name = en; path = en.lproj/InfoPlist.strings; sourceTree = "<group>"; };
		F09D0FF619749338006B9B31 /* PlayfulTests.m */ = {isa = PBXFileReference; lastKnownFileType = sourcecode.c.objc; path = PlayfulTests.m; sourceTree = "<group>"; };
/* End PBXFileReference section */

/* Begin PBXFrameworksBuildPhase section */
		F09D0FCB19749338006B9B31 /* Frameworks */ = {
			isa = PBXFrameworksBuildPhase;
			buildActionMask = 2147483647;
			files = (
				F09D0FD419749338006B9B31 /* CoreGraphics.framework in Frameworks */,
				F09D0FD619749338006B9B31 /* UIKit.framework in Frameworks */,
				F09D0FD219749338006B9B31 /* Foundation.framework in Frameworks */,
			);
			runOnlyForDeploymentPostprocessing = 0;
		};
		F09D0FE619749338006B9B31 /* Frameworks */ = {
			isa = PBXFrameworksBuildPhase;
			buildActionMask = 2147483647;
			files = (
				F09D0FEB19749338006B9B31 /* XCTest.framework in Frameworks */,
				F09D0FED19749338006B9B31 /* UIKit.framework in Frameworks */,
				F09D0FEC19749338006B9B31 /* Foundation.framework in Frameworks */,
			);
			runOnlyForDeploymentPostprocessing = 0;
		};
/* End PBXFrameworksBuildPhase section */

/* Begin PBXGroup section */
		F09D0FC519749338006B9B31 = {
			isa = PBXGroup;
			children = (
				F09D0FD719749338006B9B31 /* Playful */,
				F09D0FF019749338006B9B31 /* PlayfulTests */,
				F09D0FD019749338006B9B31 /* Frameworks */,
				F09D0FCF19749338006B9B31 /* Products */,
			);
			sourceTree = "<group>";
		};
		F09D0FCF19749338006B9B31 /* Products */ = {
			isa = PBXGroup;
			children = (
				F09D0FCE19749338006B9B31 /* Playful.app */,
				F09D0FE919749338006B9B31 /* PlayfulTests.xctest */,
			);
			name = Products;
			sourceTree = "<group>";
		};
		F09D0FD019749338006B9B31 /* Frameworks */ = {
			isa = PBXGroup;
			children = (
				F09D0FD119749338006B9B31 /* Foundation.framework */,
				F09D0FD319749338006B9B31 /* CoreGraphics.framework */,
				F09D0FD519749338006B9B31 /* UIKit.framework */,
				F09D0FEA19749338006B9B31 /* XCTest.framework */,
			);
			name = Frameworks;
			sourceTree = "<group>";
		};
		F09D0FD719749338006B9B31 /* Playful */ = {
			isa = PBXGroup;
			children = (
				F09D0FE019749338006B9B31 /* JJFAppDelegate.h */,
				F09D0FE119749338006B9B31 /* JJFAppDelegate.m */,
				F09D0FE319749338006B9B31 /* Images.xcassets */,
				F09D0FD819749338006B9B31 /* Supporting Files */,
			);
			path = Playful;
			sourceTree = "<group>";
		};
		F09D0FD819749338006B9B31 /* Supporting Files */ = {
			isa = PBXGroup;
			children = (
				F09D0FD919749338006B9B31 /* Playful-Info.plist */,
				F09D0FDA19749338006B9B31 /* InfoPlist.strings */,
				F09D0FDD19749338006B9B31 /* main.m */,
				F09D0FDF19749338006B9B31 /* Playful-Prefix.pch */,
			);
			name = "Supporting Files";
			sourceTree = "<group>";
		};
		F09D0FF019749338006B9B31 /* PlayfulTests */ = {
			isa = PBXGroup;
			children = (
				F09D0FF619749338006B9B31 /* PlayfulTests.m */,
				F09D0FF119749338006B9B31 /* Supporting Files */,
			);
			path = PlayfulTests;
			sourceTree = "<group>";
		};
		F09D0FF119749338006B9B31 /* Supporting Files */ = {
			isa = PBXGroup;
			children = (
				F09D0FF219749338006B9B31 /* PlayfulTests-Info.plist */,
				F09D0FF319749338006B9B31 /* InfoPlist.strings */,
			);
			name = "Supporting Files";
			sourceTree = "<group>";
		};
/* End PBXGroup section */

/* Begin PBXNativeTarget section */
		F09D0FCD19749338006B9B31 /* Playful */ = {
			isa = PBXNativeTarget;
			buildConfigurationList = F09D0FFA19749338006B9B31 /* Build configuration list for PBXNativeTarget "Playful" */;
			buildPhases = (
				F09D0FCA19749338006B9B31 /* Sources */,
				F09D0FCB19749338006B9B31 /* Frameworks */,
				F09D0FCC19749338006B9B31 /* Resources */,
			);
			buildRules = (
			);
			dependencies = (
			);
			name = Playful;
			productName = Playful;
			productReference = F09D0FCE19749338006B9B31 /* Playful.app */;
			productType = "com.apple.product-type.application";
		};
		F09D0FE819749338006B9B31 /* PlayfulTests */ = {
			isa = PBXNativeTarget;
			buildConfigurationList = F09D0FFD19749338006B9B31 /* Build configuration list for PBXNativeTarget "PlayfulTests" */;
			buildPhases = (
				F09D0FE519749338006B9B31 /* Sources */,
				F09D0FE619749338006B9B31 /* Frameworks */,
				F09D0FE719749338006B9B31 /* Resources */,
			);
			buildRules = (
			);
			dependencies = (
				F09D0FEF19749338006B9B31 /* PBXTargetDependency */,
			);
			name = PlayfulTests;
			productName = PlayfulTests;
			productReference = F09D0FE919749338006B9B31 /* PlayfulTests.xctest */;
			productType = "com.apple.product-type.bundle.unit-test";
		};
/* End PBXNativeTarget section */

/* Begin PBXProject section */
		F09D0FC619749338006B9B31 /* Project object */ = {
			isa = PBXProject;
			attributes = {
				CLASSPREFIX = JJF;
				LastUpgradeCheck = 0510;
				ORGANIZATIONNAME = "Jackson Firlik";
				TargetAttributes = {
					F09D0FE819749338006B9B31 = {
						TestTargetID = F09D0FCD19749338006B9B31;
					};
				};
			};
			buildConfigurationList = F09D0FC919749338006B9B31 /* Build configuration list for PBXProject "Playful" */;
			compatibilityVersion = "Xcode 3.2";
			developmentRegion = English;
			hasScannedForEncodings = 0;
			knownRegions = (
				en,
			);
			mainGroup = F09D0FC519749338006B9B31;
			productRefGroup = F09D0FCF19749338006B9B31 /* Products */;
			projectDirPath = "";
			projectRoot = "";
			targets = (
				F09D0FCD19749338006B9B31 /* Playful */,
				F09D0FE819749338006B9B31 /* PlayfulTests */,
			);
		};
/* End PBXProject section */

/* Begin PBXResourcesBuildPhase section */
		F09D0FCC19749338006B9B31 /* Resources */ = {
			isa = PBXResourcesBuildPhase;
			buildActionMask = 2147483647;
			files = (
				F09D0FDC19749338006B9B31 /* InfoPlist.strings in Resources */,
				F09D0FE419749338006B9B31 /* Images.xcassets in Resources */,
			);
			runOnlyForDeploymentPostprocessing = 0;
		};
		F09D0FE719749338006B9B31 /* Resources */ = {
			isa = PBXResourcesBuildPhase;
			buildActionMask = 2147483647;
			files = (
				F09D0FF519749338006B9B31 /* InfoPlist.strings in Resources */,
			);
			runOnlyForDeploymentPostprocessing = 0;
		};
/* End PBXResourcesBuildPhase section */

/* Begin PBXSourcesBuildPhase section */
		F09D0FCA19749338006B9B31 /* Sources */ = {
			isa = PBXSourcesBuildPhase;
			buildActionMask = 2147483647;
			files = (
				F09D0FDE19749338006B9B31 /* main.m in Sources */,
				F09D0FE219749338006B9B31 /* JJFAppDelegate.m in Sources */,
			);
			runOnlyForDeploymentPostprocessing = 0;
		};
		F09D0FE519749338006B9B31 /* Sources */ = {
			isa = PBXSourcesBuildPhase;
			buildActionMask = 2147483647;
			files = (
				F09D0FF719749338006B9B31 /* PlayfulTests.m in Sources */,
			);
			runOnlyForDeploymentPostprocessing = 0;
		};
/* End PBXSourcesBuildPhase section */

/* Begin PBXTargetDependency section */
		F09D0FEF19749338006B9B31 /* PBXTargetDependency */ = {
			isa = PBXTargetDependency;
			target = F09D0FCD19749338006B9B31 /* Playful */;
			targetProxy = F09D0FEE19749338006B9B31 /* PBXContainerItemProxy */;
		};
/* End PBXTargetDependency section */

/* Begin PBXVariantGroup section */
		F09D0FDA19749338006B9B31 /* InfoPlist.strings */ = {
			isa = PBXVariantGroup;
			children = (
				F09D0FDB19749338006B9B31 /* en */,
			);
			name = InfoPlist.strings;
			sourceTree = "<group>";
		};
		F09D0FF319749338006B9B31 /* InfoPlist.strings */ = {
			isa = PBXVariantGroup;
			children = (
				F09D0FF419749338006B9B31 /* en */,
			);
			name = InfoPlist.strings;
			sourceTree = "<group>";
		};
/* End PBXVariantGroup section */

/* Begin XCBuildConfiguration section */
		F09D0FF819749338006B9B31 /* Debug */ = {
			isa = XCBuildConfiguration;
			buildSettings = {
				ALWAYS_SEARCH_USER_PATHS = NO;
				CLANG_CXX_LANGUAGE_STANDARD = "gnu++0x";
				CLANG_CXX_LIBRARY = "libc++";
				CLANG_ENABLE_MODULES = YES;
				CLANG_ENABLE_OBJC_ARC = YES;
				CLANG_WARN_BOOL_CONVERSION = YES;
				CLANG_WARN_CONSTANT_CONVERSION = YES;
				CLANG_WARN_DIRECT_OBJC_ISA_USAGE = YES_ERROR;
				CLANG_WARN_EMPTY_BODY = YES;
				CLANG_WARN_ENUM_CONVERSION = YES;
				CLANG_WARN_INT_CONVERSION = YES;
				CLANG_WARN_OBJC_ROOT_CLASS = YES_ERROR;
				CLANG_WARN__DUPLICATE_METHOD_MATCH = YES;
				"CODE_SIGN_IDENTITY[sdk=iphoneos*]" = "iPhone Developer";
				COPY_PHASE_STRIP = NO;
				GCC_C_LANGUAGE_STANDARD = gnu99;
				GCC_DYNAMIC_NO_PIC = NO;
				GCC_OPTIMIZATION_LEVEL = 0;
				GCC_PREPROCESSOR_DEFINITIONS = (
					"DEBUG=1",
					"$(inherited)",
				);
				GCC_SYMBOLS_PRIVATE_EXTERN = NO;
				GCC_WARN_64_TO_32_BIT_CONVERSION = YES;
				GCC_WARN_ABOUT_RETURN_TYPE = YES_ERROR;
				GCC_WARN_UNDECLARED_SELECTOR = YES;
				GCC_WARN_UNINITIALIZED_AUTOS = YES_AGGRESSIVE;
				GCC_WARN_UNUSED_FUNCTION = YES;
				GCC_WARN_UNUSED_VARIABLE = YES;
				IPHONEOS_DEPLOYMENT_TARGET = 7.1;
				ONLY_ACTIVE_ARCH = YES;
				SDKROOT = iphoneos;
			};
			name = Debug;
		};
		F09D0FF919749338006B9B31 /* Release */ = {
			isa = XCBuildConfiguration;
			buildSettings = {
				ALWAYS_SEARCH_USER_PATHS = NO;
				CLANG_CXX_LANGUAGE_STANDARD = "gnu++0x";
				CLANG_CXX_LIBRARY = "libc++";
				CLANG_ENABLE_MODULES = YES;
				CLANG_ENABLE_OBJC_ARC = YES;
				CLANG_WARN_BOOL_CONVERSION = YES;
				CLANG_WARN_CONSTANT_CONVERSION = YES;
				CLANG_WARN_DIRECT_OBJC_ISA_USAGE = YES_ERROR;
				CLANG_WARN_EMPTY_BODY = YES;
				CLANG_WARN_ENUM_CONVERSION = YES;
				CLANG_WARN_INT_CONVERSION = YES;
				CLANG_WARN_OBJC_ROOT_CLASS = YES_ERROR;
				CLANG_WARN__DUPLICATE_METHOD_MATCH = YES;
				"CODE_SIGN_IDENTITY[sdk=iphoneos*]" = "iPhone Developer";
				COPY_PHASE_STRIP = YES;
				ENABLE_NS_ASSERTIONS = NO;
				GCC_C_LANGUAGE_STANDARD = gnu99;
				GCC_WARN_64_TO_32_BIT_CONVERSION = YES;
				GCC_WARN_ABOUT_RETURN_TYPE = YES_ERROR;
				GCC_WARN_UNDECLARED_SELECTOR = YES;
				GCC_WARN_UNINITIALIZED_AUTOS = YES_AGGRESSIVE;
				GCC_WARN_UNUSED_FUNCTION = YES;
				GCC_WARN_UNUSED_VARIABLE = YES;
				IPHONEOS_DEPLOYMENT_TARGET = 7.1;
				SDKROOT = iphoneos;
				VALIDATE_PRODUCT = YES;
			};
			name = Release;
		};
		F09D0FFB19749338006B9B31 /* Debug */ = {
			isa = XCBuildConfiguration;
			buildSettings = {
				ASSETCATALOG_COMPILER_APPICON_NAME = AppIcon;
				ASSETCATALOG_COMPILER_LAUNCHIMAGE_NAME = LaunchImage;
				GCC_PRECOMPILE_PREFIX_HEADER = YES;
				GCC_PREFIX_HEADER = "Playful/Playful-Prefix.pch";
				INFOPLIST_FILE = "Playful/Playful-Info.plist";
				PRODUCT_NAME = "$(TARGET_NAME)";
				WRAPPER_EXTENSION = app;
			};
			name = Debug;
		};
		F09D0FFC19749338006B9B31 /* Release */ = {
			isa = XCBuildConfiguration;
			buildSettings = {
				ASSETCATALOG_COMPILER_APPICON_NAME = AppIcon;
				ASSETCATALOG_COMPILER_LAUNCHIMAGE_NAME = LaunchImage;
				GCC_PRECOMPILE_PREFIX_HEADER = YES;
				GCC_PREFIX_HEADER = "Playful/Playful-Prefix.pch";
				INFOPLIST_FILE = "Playful/Playful-Info.plist";
				PRODUCT_NAME = "$(TARGET_NAME)";
				WRAPPER_EXTENSION = app;
			};
			name = Release;
		};
		F09D0FFE19749338006B9B31 /* Debug */ = {
			isa = XCBuildConfiguration;
			buildSettings = {
				BUNDLE_LOADER = "$(BUILT_PRODUCTS_DIR)/Playful.app/Playful";
				FRAMEWORK_SEARCH_PATHS = (
					"$(SDKROOT)/Developer/Library/Frameworks",
					"$(inherited)",
					"$(DEVELOPER_FRAMEWORKS_DIR)",
				);
				GCC_PRECOMPILE_PREFIX_HEADER = YES;
				GCC_PREFIX_HEADER = "Playful/Playful-Prefix.pch";
				GCC_PREPROCESSOR_DEFINITIONS = (
					"DEBUG=1",
					"$(inherited)",
				);
				INFOPLIST_FILE = "PlayfulTests/PlayfulTests-Info.plist";
				PRODUCT_NAME = "$(TARGET_NAME)";
				TEST_HOST = "$(BUNDLE_LOADER)";
				WRAPPER_EXTENSION = xctest;
			};
			name = Debug;
		};
		F09D0FFF19749338006B9B31 /* Release */ = {
			isa = XCBuildConfiguration;
			buildSettings = {
				BUNDLE_LOADER = "$(BUILT_PRODUCTS_DIR)/Playful.app/Playful";
				FRAMEWORK_SEARCH_PATHS = (
					"$(SDKROOT)/Developer/Library/Frameworks",
					"$(inherited)",
					"$(DEVELOPER_FRAMEWORKS_DIR)",
				);
				GCC_PRECOMPILE_PREFIX_HEADER = YES;
				GCC_PREFIX_HEADER = "Playful/Playful-Prefix.pch";
				INFOPLIST_FILE = "PlayfulTests/PlayfulTests-Info.plist";
				PRODUCT_NAME = "$(TARGET_NAME)";
				TEST_HOST = "$(BUNDLE_LOADER)";
				WRAPPER_EXTENSION = xctest;
			};
			name = Release;
		};
/* End XCBuildConfiguration section */

/* Begin XCConfigurationList section */
		F09D0FC919749338006B9B31 /* Build configuration list for PBXProject "Playful" */ = {
			isa = XCConfigurationList;
			buildConfigurations = (
				F09D0FF819749338006B9B31 /* Debug */,
				F09D0FF919749338006B9B31 /* Release */,
			);
			defaultConfigurationIsVisible = 0;
			defaultConfigurationName = Release;
		};
		F09D0FFA19749338006B9B31 /* Build configuration list for PBXNativeTarget "Playful" */ = {
			isa = XCConfigurationList;
			buildConfigurations = (
				F09D0FFB19749338006B9B31 /* Debug */,
				F09D0FFC19749338006B9B31 /* Release */,
			);
			defaultConfigurationIsVisible = 0;
		};
		F09D0FFD19749338006B9B31 /* Build configuration list for PBXNativeTarget "PlayfulTests" */ = {
			isa = XCConfigurationList;
			buildConfigurations = (
				F09D0FFE19749338006B9B31 /* Debug */,
				F09D0FFF19749338006B9B31 /* Release */,
			);
			defaultConfigurationIsVisible = 0;
		};
/* End XCConfigurationList section */
	};
	rootObject = F09D0FC619749338006B9B31 /* Project object */;
}
